
Microsoft Visual Studio Solution File, Format Version 12.00
# Visual Studio Version 17
VisualStudioVersion = 17.12.35527.113
MinimumVisualStudioVersion = 10.0.40219.1
Project("{FAE04EC0-301F-11D3-BF4B-00C04F79EFBC}") = "Application", "Application\Application.csproj", "{66771FD0-9AEF-44A7-8F04-CC22AF6910E7}"
EndProject
Project("{FAE04EC0-301F-11D3-BF4B-00C04F79EFBC}") = "Shared", "Shared\Shared.csproj", "{09D4C771-0F35-4930-A140-43598A9E7EC1}"
EndProject
Project("{FAE04EC0-301F-11D3-BF4B-00C04F79EFBC}") = "Domain", "Domain\Domain.csproj", "{37072A22-D7B1-45AE-9707-721FA2D54F50}"
EndProject
Project("{FAE04EC0-301F-11D3-BF4B-00C04F79EFBC}") = "Infrastructure", "Infrastructure\Infrastructure.csproj", "{EECBDC99-E65E-4EBB-8992-37CBA2F57BDE}"
EndProject
Project("{FAE04EC0-301F-11D3-BF4B-00C04F79EFBC}") = "BlazorApp.MVVM", "BlazorApp.MVVM\BlazorApp.MVVM.csproj", "{843ED29E-04FB-4A20-95F9-4E737AB33291}"
EndProject
Project("{2150E333-8FDC-42A3-9474-1A3956D46DE8}") = "Fronted", "Fronted", "{E33D8626-552D-44DE-A264-4725CE621824}"
EndProject
Global
	GlobalSection(SolutionConfigurationPlatforms) = preSolution
		Debug|Any CPU = Debug|Any CPU
		Release|Any CPU = Release|Any CPU
	EndGlobalSection
	GlobalSection(ProjectConfigurationPlatforms) = postSolution
		{66771FD0-9AEF-44A7-8F04-CC22AF6910E7}.Debug|Any CPU.ActiveCfg = Debug|Any CPU
		{66771FD0-9AEF-44A7-8F04-CC22AF6910E7}.Debug|Any CPU.Build.0 = Debug|Any CPU
		{66771FD0-9AEF-44A7-8F04-CC22AF6910E7}.Release|Any CPU.ActiveCfg = Release|Any CPU
		{66771FD0-9AEF-44A7-8F04-CC22AF6910E7}.Release|Any CPU.Build.0 = Release|Any CPU
		{09D4C771-0F35-4930-A140-43598A9E7EC1}.Debug|Any CPU.ActiveCfg = Debug|Any CPU
		{09D4C771-0F35-4930-A140-43598A9E7EC1}.Debug|Any CPU.Build.0 = Debug|Any CPU
		{09D4C771-0F35-4930-A140-43598A9E7EC1}.Release|Any CPU.ActiveCfg = Release|Any CPU
		{09D4C771-0F35-4930-A140-43598A9E7EC1}.Release|Any CPU.Build.0 = Release|Any CPU
		{37072A22-D7B1-45AE-9707-721FA2D54F50}.Debug|Any CPU.ActiveCfg = Debug|Any CPU
		{37072A22-D7B1-45AE-9707-721FA2D54F50}.Debug|Any CPU.Build.0 = Debug|Any CPU
		{37072A22-D7B1-45AE-9707-721FA2D54F50}.Release|Any CPU.ActiveCfg = Release|Any CPU
		{37072A22-D7B1-45AE-9707-721FA2D54F50}.Release|Any CPU.Build.0 = Release|Any CPU
		{EECBDC99-E65E-4EBB-8992-37CBA2F57BDE}.Debug|Any CPU.ActiveCfg = Debug|Any CPU
		{EECBDC99-E65E-4EBB-8992-37CBA2F57BDE}.Debug|Any CPU.Build.0 = Debug|Any CPU
		{EECBDC99-E65E-4EBB-8992-37CBA2F57BDE}.Release|Any CPU.ActiveCfg = Release|Any CPU
		{EECBDC99-E65E-4EBB-8992-37CBA2F57BDE}.Release|Any CPU.Build.0 = Release|Any CPU
		{843ED29E-04FB-4A20-95F9-4E737AB33291}.Debug|Any CPU.ActiveCfg = Debug|Any CPU
		{843ED29E-04FB-4A20-95F9-4E737AB33291}.Debug|Any CPU.Build.0 = Debug|Any CPU
		{843ED29E-04FB-4A20-95F9-4E737AB33291}.Release|Any CPU.ActiveCfg = Release|Any CPU
		{843ED29E-04FB-4A20-95F9-4E737AB33291}.Release|Any CPU.Build.0 = Release|Any CPU
	EndGlobalSection
	GlobalSection(SolutionProperties) = preSolution
		HideSolutionNode = FALSE
	EndGlobalSection
	GlobalSection(NestedProjects) = preSolution
		{843ED29E-04FB-4A20-95F9-4E737AB33291} = {E33D8626-552D-44DE-A264-4725CE621824}
	EndGlobalSection
EndGlobal
